
Microsoft Visual Studio Solution File, Format Version 12.00
# Visual Studio Version 16
VisualStudioVersion = 16.0.32106.194
MinimumVisualStudioVersion = 10.0.40219.1
Project("{FAE04EC0-301F-11D3-BF4B-00C04F79EFBC}") = "Vegetables", "Vegetables\Vegetables.csproj", "{0556DA46-B49F-4DBB-A42C-6271A2ABA0BA}"
EndProject
Global
	GlobalSection(SolutionConfigurationPlatforms) = preSolution
		Debug|Any CPU = Debug|Any CPU
		Release|Any CPU = Release|Any CPU
	EndGlobalSection
	GlobalSection(ProjectConfigurationPlatforms) = postSolution
		{0556DA46-B49F-4DBB-A42C-6271A2ABA0BA}.Debug|Any CPU.ActiveCfg = Debug|Any CPU
		{0556DA46-B49F-4DBB-A42C-6271A2ABA0BA}.Debug|Any CPU.Build.0 = Debug|Any CPU
		{0556DA46-B49F-4DBB-A42C-6271A2ABA0BA}.Release|Any CPU.ActiveCfg = Release|Any CPU
		{0556DA46-B49F-4DBB-A42C-6271A2ABA0BA}.Release|Any CPU.Build.0 = Release|Any CPU
	EndGlobalSection
	GlobalSection(SolutionProperties) = preSolution
		HideSolutionNode = FALSE
	EndGlobalSection
	GlobalSection(ExtensibilityGlobals) = postSolution
		SolutionGuid = {EE6E2006-CF4E-4C22-9649-27BE7751F347}
	EndGlobalSection
EndGlobal
